
Microsoft Visual Studio Solution File, Format Version 12.00
# Visual Studio Version 17
VisualStudioVersion = 17.4.33213.308
MinimumVisualStudioVersion = 10.0.40219.1
Project("{9A19103F-16F7-4668-BE54-9A1E7A4F7556}") = "PMS", "PMS\PMS.csproj", "{3C015F5E-843A-43C7-A89E-F7FBE4E1C7BF}"
EndProject
Project("{FAE04EC0-301F-11D3-BF4B-00C04F79EFBC}") = "PMSAPI", "PMSAPI\PMSAPI.csproj", "{004EEFC4-664F-487A-94D6-3B7AB8104081}"
EndProject
Project("{FAE04EC0-301F-11D3-BF4B-00C04F79EFBC}") = "PMSAPI.DataAccess", "PMSAPI.DataAccess\PMSAPI.DataAccess.csproj", "{B11085C4-E220-4BAF-AC93-58990DA0DAE9}"
EndProject
Project("{FAE04EC0-301F-11D3-BF4B-00C04F79EFBC}") = "PMSAPI.Models", "PMSAPI.Models\PMSAPI.Models.csproj", "{E10DB3FE-C936-4567-B23A-B5F87C37CC5E}"
EndProject
Global
	GlobalSection(SolutionConfigurationPlatforms) = preSolution
		Debug|Any CPU = Debug|Any CPU
		Release|Any CPU = Release|Any CPU
	EndGlobalSection
	GlobalSection(ProjectConfigurationPlatforms) = postSolution
		{3C015F5E-843A-43C7-A89E-F7FBE4E1C7BF}.Debug|Any CPU.ActiveCfg = Debug|Any CPU
		{3C015F5E-843A-43C7-A89E-F7FBE4E1C7BF}.Debug|Any CPU.Build.0 = Debug|Any CPU
		{3C015F5E-843A-43C7-A89E-F7FBE4E1C7BF}.Release|Any CPU.ActiveCfg = Release|Any CPU
		{3C015F5E-843A-43C7-A89E-F7FBE4E1C7BF}.Release|Any CPU.Build.0 = Release|Any CPU
		{004EEFC4-664F-487A-94D6-3B7AB8104081}.Debug|Any CPU.ActiveCfg = Debug|Any CPU
		{004EEFC4-664F-487A-94D6-3B7AB8104081}.Debug|Any CPU.Build.0 = Debug|Any CPU
		{004EEFC4-664F-487A-94D6-3B7AB8104081}.Release|Any CPU.ActiveCfg = Release|Any CPU
		{004EEFC4-664F-487A-94D6-3B7AB8104081}.Release|Any CPU.Build.0 = Release|Any CPU
		{B11085C4-E220-4BAF-AC93-58990DA0DAE9}.Debug|Any CPU.ActiveCfg = Debug|Any CPU
		{B11085C4-E220-4BAF-AC93-58990DA0DAE9}.Debug|Any CPU.Build.0 = Debug|Any CPU
		{B11085C4-E220-4BAF-AC93-58990DA0DAE9}.Release|Any CPU.ActiveCfg = Release|Any CPU
		{B11085C4-E220-4BAF-AC93-58990DA0DAE9}.Release|Any CPU.Build.0 = Release|Any CPU
		{E10DB3FE-C936-4567-B23A-B5F87C37CC5E}.Debug|Any CPU.ActiveCfg = Debug|Any CPU
		{E10DB3FE-C936-4567-B23A-B5F87C37CC5E}.Debug|Any CPU.Build.0 = Debug|Any CPU
		{E10DB3FE-C936-4567-B23A-B5F87C37CC5E}.Release|Any CPU.ActiveCfg = Release|Any CPU
		{E10DB3FE-C936-4567-B23A-B5F87C37CC5E}.Release|Any CPU.Build.0 = Release|Any CPU
	EndGlobalSection
	GlobalSection(SolutionProperties) = preSolution
		HideSolutionNode = FALSE
	EndGlobalSection
	GlobalSection(ExtensibilityGlobals) = postSolution
		SolutionGuid = {1995934E-A095-472E-B0DA-81227318A921}
	EndGlobalSection
EndGlobal
